// !$*UTF8*$!
{
	archiveVersion = 1;
	classes = {
	};
	objectVersion = 77;
	objects = {

/* Begin PBXContainerItemProxy section */
		87DBECDD2EA8BD3100A8E883 /* PBXContainerItemProxy */ = {
			isa = PBXContainerItemProxy;
			containerPortal = 87DBECBE2EA8BD2F00A8E883 /* Project object */;
			proxyType = 1;
			remoteGlobalIDString = 87DBECC52EA8BD2F00A8E883;
			remoteInfo = MyCalculator;
		};
		87DBECE72EA8BD3100A8E883 /* PBXContainerItemProxy */ = {
			isa = PBXContainerItemProxy;
			containerPortal = 87DBECBE2EA8BD2F00A8E883 /* Project object */;
			proxyType = 1;
			remoteGlobalIDString = 87DBECC52EA8BD2F00A8E883;
			remoteInfo = MyCalculator;
		};
/* End PBXContainerItemProxy section */

/* Begin PBXFileReference section */
		87DBECC62EA8BD2F00A8E883 /* MyCalculator.app */ = {isa = PBXFileReference; explicitFileType = wrapper.application; includeInIndex = 0; path = MyCalculator.app; sourceTree = BUILT_PRODUCTS_DIR; };
		87DBECDC2EA8BD3100A8E883 /* MyCalculatorTests.xctest */ = {isa = PBXFileReference; explicitFileType = wrapper.cfbundle; includeInIndex = 0; path = MyCalculatorTests.xctest; sourceTree = BUILT_PRODUCTS_DIR; };
		87DBECE62EA8BD3100A8E883 /* MyCalculatorUITests.xctest */ = {isa = PBXFileReference; explicitFileType = wrapper.cfbundle; includeInIndex = 0; path = MyCalculatorUITests.xctest; sourceTree = BUILT_PRODUCTS_DIR; };
/* End PBXFileReference section */

/* Begin PBXFileSystemSynchronizedBuildFileExceptionSet section */
		87DBECEE2EA8BD3100A8E883 /* Exceptions for "MyCalculator" folder in "MyCalculator" target */ = {
			isa = PBXFileSystemSynchronizedBuildFileExceptionSet;
			membershipExceptions = (
				Resources/Info.plist,
			);
			target = 87DBECC52EA8BD2F00A8E883 /* MyCalculator */;
		};
/* End PBXFileSystemSynchronizedBuildFileExceptionSet section */

/* Begin PBXFileSystemSynchronizedRootGroup section */
		87DBECC82EA8BD2F00A8E883 /* MyCalculator */ = {
			isa = PBXFileSystemSynchronizedRootGroup;
			exceptions = (
				87DBECEE2EA8BD3100A8E883 /* Exceptions for "MyCalculator" folder in "MyCalculator" target */,
			);
			path = MyCalculator;
			sourceTree = "<group>";
		};
		87DBECDF2EA8BD3100A8E883 /* MyCalculatorTests */ = {
			isa = PBXFileSystemSynchronizedRootGroup;
			path = MyCalculatorTests;
			sourceTree = "<group>";
		};
		87DBECE92EA8BD3100A8E883 /* MyCalculatorUITests */ = {
			isa = PBXFileSystemSynchronizedRootGroup;
			path = MyCalculatorUITests;
			sourceTree = "<group>";
		};
/* End PBXFileSystemSynchronizedRootGroup section */

/* Begin PBXFrameworksBuildPhase section */
		87DBECC32EA8BD2F00A8E883 /* Frameworks */ = {
			isa = PBXFrameworksBuildPhase;
			buildActionMask = 2147483647;
			files = (
			);
			runOnlyForDeploymentPostprocessing = 0;
		};
		87DBECD92EA8BD3100A8E883 /* Frameworks */ = {
			isa = PBXFrameworksBuildPhase;
			buildActionMask = 2147483647;
			files = (
			);
			runOnlyForDeploymentPostprocessing = 0;
		};
		87DBECE32EA8BD3100A8E883 /* Frameworks */ = {
			isa = PBXFrameworksBuildPhase;
			buildActionMask = 2147483647;
			files = (
			);
			runOnlyForDeploymentPostprocessing = 0;
		};
/* End PBXFrameworksBuildPhase section */

/* Begin PBXGroup section */
		87DBECBD2EA8BD2F00A8E883 = {
			isa = PBXGroup;
			children = (
				87DBECC82EA8BD2F00A8E883 /* MyCalculator */,
				87DBECDF2EA8BD3100A8E883 /* MyCalculatorTests */,
				87DBECE92EA8BD3100A8E883 /* MyCalculatorUITests */,
				87DBECC72EA8BD2F00A8E883 /* Products */,
			);
			sourceTree = "<group>";
		};
		87DBECC72EA8BD2F00A8E883 /* Products */ = {
			isa = PBXGroup;
			children = (
				87DBECC62EA8BD2F00A8E883 /* MyCalculator.app */,
				87DBECDC2EA8BD3100A8E883 /* MyCalculatorTests.xctest */,
				87DBECE62EA8BD3100A8E883 /* MyCalculatorUITests.xctest */,
			);
			name = Products;
			sourceTree = "<group>";
		};
/* End PBXGroup section */

/* Begin PBXNativeTarget section */
		87DBECC52EA8BD2F00A8E883 /* MyCalculator */ = {
			isa = PBXNativeTarget;
			buildConfigurationList = 87DBECEF2EA8BD3100A8E883 /* Build configuration list for PBXNativeTarget "MyCalculator" */;
			buildPhases = (
				87DBECC22EA8BD2F00A8E883 /* Sources */,
				87DBECC32EA8BD2F00A8E883 /* Frameworks */,
				87DBECC42EA8BD2F00A8E883 /* Resources */,
			);
			buildRules = (
			);
			dependencies = (
			);
			fileSystemSynchronizedGroups = (
				87DBECC82EA8BD2F00A8E883 /* MyCalculator */,
			);
			name = MyCalculator;
			packageProductDependencies = (
			);
			productName = MyCalculator;
			productReference = 87DBECC62EA8BD2F00A8E883 /* MyCalculator.app */;
			productType = "com.apple.product-type.application";
		};
		87DBECDB2EA8BD3100A8E883 /* MyCalculatorTests */ = {
			isa = PBXNativeTarget;
			buildConfigurationList = 87DBECF42EA8BD3100A8E883 /* Build configuration list for PBXNativeTarget "MyCalculatorTests" */;
			buildPhases = (
				87DBECD82EA8BD3100A8E883 /* Sources */,
				87DBECD92EA8BD3100A8E883 /* Frameworks */,
				87DBECDA2EA8BD3100A8E883 /* Resources */,
			);
			buildRules = (
			);
			dependencies = (
				87DBECDE2EA8BD3100A8E883 /* PBXTargetDependency */,
			);
			fileSystemSynchronizedGroups = (
				87DBECDF2EA8BD3100A8E883 /* MyCalculatorTests */,
			);
			name = MyCalculatorTests;
			packageProductDependencies = (
			);
			productName = MyCalculatorTests;
			productReference = 87DBECDC2EA8BD3100A8E883 /* MyCalculatorTests.xctest */;
			productType = "com.apple.product-type.bundle.unit-test";
		};
		87DBECE52EA8BD3100A8E883 /* MyCalculatorUITests */ = {
			isa = PBXNativeTarget;
			buildConfigurationList = 87DBECF72EA8BD3100A8E883 /* Build configuration list for PBXNativeTarget "MyCalculatorUITests" */;
			buildPhases = (
				87DBECE22EA8BD3100A8E883 /* Sources */,
				87DBECE32EA8BD3100A8E883 /* Frameworks */,
				87DBECE42EA8BD3100A8E883 /* Resources */,
			);
			buildRules = (
			);
			dependencies = (
				87DBECE82EA8BD3100A8E883 /* PBXTargetDependency */,
			);
			fileSystemSynchronizedGroups = (
				87DBECE92EA8BD3100A8E883 /* MyCalculatorUITests */,
			);
			name = MyCalculatorUITests;
			packageProductDependencies = (
			);
			productName = MyCalculatorUITests;
			productReference = 87DBECE62EA8BD3100A8E883 /* MyCalculatorUITests.xctest */;
			productType = "com.apple.product-type.bundle.ui-testing";
		};
/* End PBXNativeTarget section */

/* Begin PBXProject section */
		87DBECBE2EA8BD2F00A8E883 /* Project object */ = {
			isa = PBXProject;
			attributes = {
				BuildIndependentTargetsInParallel = 1;
				LastSwiftUpdateCheck = 2600;
				LastUpgradeCheck = 2600;
				TargetAttributes = {
					87DBECC52EA8BD2F00A8E883 = {
						CreatedOnToolsVersion = 26.0.1;
					};
					87DBECDB2EA8BD3100A8E883 = {
						CreatedOnToolsVersion = 26.0.1;
						TestTargetID = 87DBECC52EA8BD2F00A8E883;
					};
					87DBECE52EA8BD3100A8E883 = {
						CreatedOnToolsVersion = 26.0.1;
						TestTargetID = 87DBECC52EA8BD2F00A8E883;
					};
				};
			};
			buildConfigurationList = 87DBECC12EA8BD2F00A8E883 /* Build configuration list for PBXProject "MyCalculator" */;
			developmentRegion = en;
			hasScannedForEncodings = 0;
			knownRegions = (
				en,
				Base,
			);
			mainGroup = 87DBECBD2EA8BD2F00A8E883;
			minimizedProjectReferenceProxies = 1;
			preferredProjectObjectVersion = 77;
			productRefGroup = 87DBECC72EA8BD2F00A8E883 /* Products */;
			projectDirPath = "";
			projectRoot = "";
			targets = (
				87DBECC52EA8BD2F00A8E883 /* MyCalculator */,
				87DBECDB2EA8BD3100A8E883 /* MyCalculatorTests */,
				87DBECE52EA8BD3100A8E883 /* MyCalculatorUITests */,
			);
		};
/* End PBXProject section */

/* Begin PBXResourcesBuildPhase section */
		87DBECC42EA8BD2F00A8E883 /* Resources */ = {
			isa = PBXResourcesBuildPhase;
			buildActionMask = 2147483647;
			files = (
			);
			runOnlyForDeploymentPostprocessing = 0;
		};
		87DBECDA2EA8BD3100A8E883 /* Resources */ = {
			isa = PBXResourcesBuildPhase;
			buildActionMask = 2147483647;
			files = (
			);
			runOnlyForDeploymentPostprocessing = 0;
		};
		87DBECE42EA8BD3100A8E883 /* Resources */ = {
			isa = PBXResourcesBuildPhase;
			buildActionMask = 2147483647;
			files = (
			);
			runOnlyForDeploymentPostprocessing = 0;
		};
/* End PBXResourcesBuildPhase section */

/* Begin PBXSourcesBuildPhase section */
		87DBECC22EA8BD2F00A8E883 /* Sources */ = {
			isa = PBXSourcesBuildPhase;
			buildActionMask = 2147483647;
			files = (
			);
			runOnlyForDeploymentPostprocessing = 0;
		};
		87DBECD82EA8BD3100A8E883 /* Sources */ = {
			isa = PBXSourcesBuildPhase;
			buildActionMask = 2147483647;
			files = (
			);
			runOnlyForDeploymentPostprocessing = 0;
		};
		87DBECE22EA8BD3100A8E883 /* Sources */ = {
			isa = PBXSourcesBuildPhase;
			buildActionMask = 2147483647;
			files = (
			);
			runOnlyForDeploymentPostprocessing = 0;
		};
/* End PBXSourcesBuildPhase section */

/* Begin PBXTargetDependency section */
		87DBECDE2EA8BD3100A8E883 /* PBXTargetDependency */ = {
			isa = PBXTargetDependency;
			target = 87DBECC52EA8BD2F00A8E883 /* MyCalculator */;
			targetProxy = 87DBECDD2EA8BD3100A8E883 /* PBXContainerItemProxy */;
		};
		87DBECE82EA8BD3100A8E883 /* PBXTargetDependency */ = {
			isa = PBXTargetDependency;
			target = 87DBECC52EA8BD2F00A8E883 /* MyCalculator */;
			targetProxy = 87DBECE72EA8BD3100A8E883 /* PBXContainerItemProxy */;
		};
/* End PBXTargetDependency section */

/* Begin XCBuildConfiguration section */
		87DBECF02EA8BD3100A8E883 /* Debug */ = {
			isa = XCBuildConfiguration;
			buildSettings = {
				ASSETCATALOG_COMPILER_APPICON_NAME = AppIcon;
				ASSETCATALOG_COMPILER_GLOBAL_ACCENT_COLOR_NAME = AccentColor;
				CODE_SIGN_STYLE = Automatic;
				CURRENT_PROJECT_VERSION = 1;
				DEVELOPMENT_TEAM = YHW3Y726NZ;
				GENERATE_INFOPLIST_FILE = YES;
				INFOPLIST_FILE = MyCalculator/Resources/Info.plist;
				INFOPLIST_KEY_UIApplicationSupportsIndirectInputEvents = YES;
				INFOPLIST_KEY_UILaunchStoryboardName = LaunchScreen;
				INFOPLIST_KEY_UIMainStoryboardFile = Main;
				INFOPLIST_KEY_UISupportedInterfaceOrientations_iPad = "UIInterfaceOrientationPortrait UIInterfaceOrientationPortraitUpsideDown UIInterfaceOrientationLandscapeLeft UIInterfaceOrientationLandscapeRight";
				INFOPLIST_KEY_UISupportedInterfaceOrientations_iPhone = "UIInterfaceOrientationPortrait UIInterfaceOrientationLandscapeLeft UIInterfaceOrientationLandscapeRight";
				LD_RUNPATH_SEARCH_PATHS = (
					"$(inherited)",
					"@executable_path/Frameworks",
				);
				MARKETING_VERSION = 1.0;
				PRODUCT_BUNDLE_IDENTIFIER = ianaxel.MyCalculator;
				PRODUCT_NAME = "$(TARGET_NAME)";
				STRING_CATALOG_GENERATE_SYMBOLS = YES;
				SWIFT_APPROACHABLE_CONCURRENCY = YES;
				SWIFT_DEFAULT_ACTOR_ISOLATION = MainActor;
				SWIFT_EMIT_LOC_STRINGS = YES;
				SWIFT_UPCOMING_FEATURE_MEMBER_IMPORT_VISIBILITY = YES;
				SWIFT_VERSION = 5.0;
				TARGETED_DEVICE_FAMILY = "1,2";
			};
			name = Debug;
		};
		87DBECF12EA8BD3100A8E883 /* Release */ = {
			isa = XCBuildConfiguration;
			buildSettings = {
				ASSETCATALOG_COMPILER_APPICON_NAME = AppIcon;
				ASSETCATALOG_COMPILER_GLOBAL_ACCENT_COLOR_NAME = AccentColor;
				CODE_SIGN_STYLE = Automatic;
				CURRENT_PROJECT_VERSION = 1;
				DEVELOPMENT_TEAM = YHW3Y726NZ;
				GENERATE_INFOPLIST_FILE = YES;
				INFOPLIST_FILE = MyCalculator/Resources/Info.plist;
				INFOPLIST_KEY_UIApplicationSupportsIndirectInputEvents = YES;
				INFOPLIST_KEY_UILaunchStoryboardName = LaunchScreen;
				INFOPLIST_KEY_UIMainStoryboardFile = Main;
				INFOPLIST_KEY_UISupportedInterfaceOrientations_iPad = "UIInterfaceOrientationPortrait UIInterfaceOrientationPortraitUpsideDown UIInterfaceOrientationLandscapeLeft UIInterfaceOrientationLandscapeRight";
				INFOPLIST_KEY_UISupportedInterfaceOrientations_iPhone = "UIInterfaceOrientationPortrait UIInterfaceOrientationLandscapeLeft UIInterfaceOrientationLandscapeRight";
				LD_RUNPATH_SEARCH_PATHS = (
					"$(inherited)",
					"@executable_path/Frameworks",
				);
				MARKETING_VERSION = 1.0;
				PRODUCT_BUNDLE_IDENTIFIER = ianaxel.MyCalculator;
				PRODUCT_NAME = "$(TARGET_NAME)";
				STRING_CATALOG_GENERATE_SYMBOLS = YES;
				SWIFT_APPROACHABLE_CONCURRENCY = YES;
				SWIFT_DEFAULT_ACTOR_ISOLATION = MainActor;
				SWIFT_EMIT_LOC_STRINGS = YES;
				SWIFT_UPCOMING_FEATURE_MEMBER_IMPORT_VISIBILITY = YES;
				SWIFT_VERSION = 5.0;
				TARGETED_DEVICE_FAMILY = "1,2";
			};
			name = Release;
		};
		87DBECF22EA8BD3100A8E883 /* Debug */ = {
			isa = XCBuildConfiguration;
			buildSettings = {
				ALWAYS_SEARCH_USER_PATHS = NO;
				ASSETCATALOG_COMPILER_GENERATE_SWIFT_ASSET_SYMBOL_EXTENSIONS = YES;
				CLANG_ANALYZER_NONNULL = YES;
				CLANG_ANALYZER_NUMBER_OBJECT_CONVERSION = YES_AGGRESSIVE;
				CLANG_CXX_LANGUAGE_STANDARD = "gnu++20";
				CLANG_ENABLE_MODULES = YES;
				CLANG_ENABLE_OBJC_ARC = YES;
				CLANG_ENABLE_OBJC_WEAK = YES;
				CLANG_WARN_BLOCK_CAPTURE_AUTORELEASING = YES;
				CLANG_WARN_BOOL_CONVERSION = YES;
				CLANG_WARN_COMMA = YES;
				CLANG_WARN_CONSTANT_CONVERSION = YES;
				CLANG_WARN_DEPRECATED_OBJC_IMPLEMENTATIONS = YES;
				CLANG_WARN_DIRECT_OBJC_ISA_USAGE = YES_ERROR;
				CLANG_WARN_DOCUMENTATION_COMMENTS = YES;
				CLANG_WARN_EMPTY_BODY = YES;
				CLANG_WARN_ENUM_CONVERSION = YES;
				CLANG_WARN_INFINITE_RECURSION = YES;
				CLANG_WARN_INT_CONVERSION = YES;
				CLANG_WARN_NON_LITERAL_NULL_CONVERSION = YES;
				CLANG_WARN_OBJC_IMPLICIT_RETAIN_SELF = YES;
				CLANG_WARN_OBJC_LITERAL_CONVERSION = YES;
				CLANG_WARN_OBJC_ROOT_CLASS = YES_ERROR;
				CLANG_WARN_QUOTED_INCLUDE_IN_FRAMEWORK_HEADER = YES;
				CLANG_WARN_RANGE_LOOP_ANALYSIS = YES;
				CLANG_WARN_STRICT_PROTOTYPES = YES;
				CLANG_WARN_SUSPICIOUS_MOVE = YES;
				CLANG_WARN_UNGUARDED_AVAILABILITY = YES_AGGRESSIVE;
				CLANG_WARN_UNREACHABLE_CODE = YES;
				CLANG_WARN__DUPLICATE_METHOD_MATCH = YES;
				COPY_PHASE_STRIP = NO;
				DEBUG_INFORMATION_FORMAT = dwarf;
				ENABLE_STRICT_OBJC_MSGSEND = YES;
				ENABLE_TESTABILITY = YES;
				ENABLE_USER_SCRIPT_SANDBOXING = YES;
				GCC_C_LANGUAGE_STANDARD = gnu17;
				GCC_DYNAMIC_NO_PIC = NO;
				GCC_NO_COMMON_BLOCKS = YES;
				GCC_OPTIMIZATION_LEVEL = 0;
				GCC_PREPROCESSOR_DEFINITIONS = (
					"DEBUG=1",
					"$(inherited)",
				);
				GCC_WARN_64_TO_32_BIT_CONVERSION = YES;
				GCC_WARN_ABOUT_RETURN_TYPE = YES_ERROR;
				GCC_WARN_UNDECLARED_SELECTOR = YES;
				GCC_WARN_UNINITIALIZED_AUTOS = YES_AGGRESSIVE;
				GCC_WARN_UNUSED_FUNCTION = YES;
				GCC_WARN_UNUSED_VARIABLE = YES;
				IPHONEOS_DEPLOYMENT_TARGET = 26.0;
				LOCALIZATION_PREFERS_STRING_CATALOGS = YES;
				MTL_ENABLE_DEBUG_INFO = INCLUDE_SOURCE;
				MTL_FAST_MATH = YES;
				ONLY_ACTIVE_ARCH = YES;
				SDKROOT = iphoneos;
				SWIFT_ACTIVE_COMPILATION_CONDITIONS = "DEBUG $(inherited)";
				SWIFT_OPTIMIZATION_LEVEL = "-Onone";
			};
			name = Debug;
		};
		87DBECF32EA8BD3100A8E883 /* Release */ = {
			isa = XCBuildConfiguration;
			buildSettings = {
				ALWAYS_SEARCH_USER_PATHS = NO;
				ASSETCATALOG_COMPILER_GENERATE_SWIFT_ASSET_SYMBOL_EXTENSIONS = YES;
				CLANG_ANALYZER_NONNULL = YES;
				CLANG_ANALYZER_NUMBER_OBJECT_CONVERSION = YES_AGGRESSIVE;
				CLANG_CXX_LANGUAGE_STANDARD = "gnu++20";
				CLANG_ENABLE_MODULES = YES;
				CLANG_ENABLE_OBJC_ARC = YES;
				CLANG_ENABLE_OBJC_WEAK = YES;
				CLANG_WARN_BLOCK_CAPTURE_AUTORELEASING = YES;
				CLANG_WARN_BOOL_CONVERSION = YES;
				CLANG_WARN_COMMA = YES;
				CLANG_WARN_CONSTANT_CONVERSION = YES;
				CLANG_WARN_DEPRECATED_OBJC_IMPLEMENTATIONS = YES;
				CLANG_WARN_DIRECT_OBJC_ISA_USAGE = YES_ERROR;
				CLANG_WARN_DOCUMENTATION_COMMENTS = YES;
				CLANG_WARN_EMPTY_BODY = YES;
				CLANG_WARN_ENUM_CONVERSION = YES;
				CLANG_WARN_INFINITE_RECURSION = YES;
				CLANG_WARN_INT_CONVERSION = YES;
				CLANG_WARN_NON_LITERAL_NULL_CONVERSION = YES;
				CLANG_WARN_OBJC_IMPLICIT_RETAIN_SELF = YES;
				CLANG_WARN_OBJC_LITERAL_CONVERSION = YES;
				CLANG_WARN_OBJC_ROOT_CLASS = YES_ERROR;
				CLANG_WARN_QUOTED_INCLUDE_IN_FRAMEWORK_HEADER = YES;
				CLANG_WARN_RANGE_LOOP_ANALYSIS = YES;
				CLANG_WARN_STRICT_PROTOTYPES = YES;
				CLANG_WARN_SUSPICIOUS_MOVE = YES;
				CLANG_WARN_UNGUARDED_AVAILABILITY = YES_AGGRESSIVE;
				CLANG_WARN_UNREACHABLE_CODE = YES;
				CLANG_WARN__DUPLICATE_METHOD_MATCH = YES;
				COPY_PHASE_STRIP = NO;
				DEBUG_INFORMATION_FORMAT = "dwarf-with-dsym";
				ENABLE_NS_ASSERTIONS = NO;
				ENABLE_STRICT_OBJC_MSGSEND = YES;
				ENABLE_USER_SCRIPT_SANDBOXING = YES;
				GCC_C_LANGUAGE_STANDARD = gnu17;
				GCC_NO_COMMON_BLOCKS = YES;
				GCC_WARN_64_TO_32_BIT_CONVERSION = YES;
				GCC_WARN_ABOUT_RETURN_TYPE = YES_ERROR;
				GCC_WARN_UNDECLARED_SELECTOR = YES;
				GCC_WARN_UNINITIALIZED_AUTOS = YES_AGGRESSIVE;
				GCC_WARN_UNUSED_FUNCTION = YES;
				GCC_WARN_UNUSED_VARIABLE = YES;
				IPHONEOS_DEPLOYMENT_TARGET = 26.0;
				LOCALIZATION_PREFERS_STRING_CATALOGS = YES;
				MTL_ENABLE_DEBUG_INFO = NO;
				MTL_FAST_MATH = YES;
				SDKROOT = iphoneos;
				SWIFT_COMPILATION_MODE = wholemodule;
				VALIDATE_PRODUCT = YES;
			};
			name = Release;
		};
		87DBECF52EA8BD3100A8E883 /* Debug */ = {
			isa = XCBuildConfiguration;
			buildSettings = {
				BUNDLE_LOADER = "$(TEST_HOST)";
				CODE_SIGN_STYLE = Automatic;
				CURRENT_PROJECT_VERSION = 1;
				GENERATE_INFOPLIST_FILE = YES;
				IPHONEOS_DEPLOYMENT_TARGET = 26.0;
				MARKETING_VERSION = 1.0;
				PRODUCT_BUNDLE_IDENTIFIER = ianaxel.MyCalculatorTests;
				PRODUCT_NAME = "$(TARGET_NAME)";
				STRING_CATALOG_GENERATE_SYMBOLS = NO;
				SWIFT_APPROACHABLE_CONCURRENCY = YES;
				SWIFT_EMIT_LOC_STRINGS = NO;
				SWIFT_UPCOMING_FEATURE_MEMBER_IMPORT_VISIBILITY = YES;
				SWIFT_VERSION = 5.0;
				TARGETED_DEVICE_FAMILY = "1,2";
				TEST_HOST = "$(BUILT_PRODUCTS_DIR)/MyCalculator.app/$(BUNDLE_EXECUTABLE_FOLDER_PATH)/MyCalculator";
			};
			name = Debug;
		};
		87DBECF62EA8BD3100A8E883 /* Release */ = {
			isa = XCBuildConfiguration;
			buildSettings = {
				BUNDLE_LOADER = "$(TEST_HOST)";
				CODE_SIGN_STYLE = Automatic;
				CURRENT_PROJECT_VERSION = 1;
				GENERATE_INFOPLIST_FILE = YES;
				IPHONEOS_DEPLOYMENT_TARGET = 26.0;
				MARKETING_VERSION = 1.0;
				PRODUCT_BUNDLE_IDENTIFIER = ianaxel.MyCalculatorTests;
				PRODUCT_NAME = "$(TARGET_NAME)";
				STRING_CATALOG_GENERATE_SYMBOLS = NO;
				SWIFT_APPROACHABLE_CONCURRENCY = YES;
				SWIFT_EMIT_LOC_STRINGS = NO;
				SWIFT_UPCOMING_FEATURE_MEMBER_IMPORT_VISIBILITY = YES;
				SWIFT_VERSION = 5.0;
				TARGETED_DEVICE_FAMILY = "1,2";
				TEST_HOST = "$(BUILT_PRODUCTS_DIR)/MyCalculator.app/$(BUNDLE_EXECUTABLE_FOLDER_PATH)/MyCalculator";
			};
			name = Release;
		};
		87DBECF82EA8BD3100A8E883 /* Debug */ = {
			isa = XCBuildConfiguration;
			buildSettings = {
				CODE_SIGN_STYLE = Automatic;
				CURRENT_PROJECT_VERSION = 1;
				GENERATE_INFOPLIST_FILE = YES;
				MARKETING_VERSION = 1.0;
				PRODUCT_BUNDLE_IDENTIFIER = ianaxel.MyCalculatorUITests;
				PRODUCT_NAME = "$(TARGET_NAME)";
				STRING_CATALOG_GENERATE_SYMBOLS = NO;
				SWIFT_APPROACHABLE_CONCURRENCY = YES;
				SWIFT_EMIT_LOC_STRINGS = NO;
				SWIFT_UPCOMING_FEATURE_MEMBER_IMPORT_VISIBILITY = YES;
				SWIFT_VERSION = 5.0;
				TARGETED_DEVICE_FAMILY = "1,2";
				TEST_TARGET_NAME = MyCalculator;
			};
			name = Debug;
		};
		87DBECF92EA8BD3100A8E883 /* Release */ = {
			isa = XCBuildConfiguration;
			buildSettings = {
				CODE_SIGN_STYLE = Automatic;
				CURRENT_PROJECT_VERSION = 1;
				GENERATE_INFOPLIST_FILE = YES;
				MARKETING_VERSION = 1.0;
				PRODUCT_BUNDLE_IDENTIFIER = ianaxel.MyCalculatorUITests;
				PRODUCT_NAME = "$(TARGET_NAME)";
				STRING_CATALOG_GENERATE_SYMBOLS = NO;
				SWIFT_APPROACHABLE_CONCURRENCY = YES;
				SWIFT_EMIT_LOC_STRINGS = NO;
				SWIFT_UPCOMING_FEATURE_MEMBER_IMPORT_VISIBILITY = YES;
				SWIFT_VERSION = 5.0;
				TARGETED_DEVICE_FAMILY = "1,2";
				TEST_TARGET_NAME = MyCalculator;
			};
			name = Release;
		};
/* End XCBuildConfiguration section */

/* Begin XCConfigurationList section */
		87DBECC12EA8BD2F00A8E883 /* Build configuration list for PBXProject "MyCalculator" */ = {
			isa = XCConfigurationList;
			buildConfigurations = (
				87DBECF22EA8BD3100A8E883 /* Debug */,
				87DBECF32EA8BD3100A8E883 /* Release */,
			);
			defaultConfigurationIsVisible = 0;
			defaultConfigurationName = Release;
		};
		87DBECEF2EA8BD3100A8E883 /* Build configuration list for PBXNativeTarget "MyCalculator" */ = {
			isa = XCConfigurationList;
			buildConfigurations = (
				87DBECF02EA8BD3100A8E883 /* Debug */,
				87DBECF12EA8BD3100A8E883 /* Release */,
			);
			defaultConfigurationIsVisible = 0;
			defaultConfigurationName = Release;
		};
		87DBECF42EA8BD3100A8E883 /* Build configuration list for PBXNativeTarget "MyCalculatorTests" */ = {
			isa = XCConfigurationList;
			buildConfigurations = (
				87DBECF52EA8BD3100A8E883 /* Debug */,
				87DBECF62EA8BD3100A8E883 /* Release */,
			);
			defaultConfigurationIsVisible = 0;
			defaultConfigurationName = Release;
		};
		87DBECF72EA8BD3100A8E883 /* Build configuration list for PBXNativeTarget "MyCalculatorUITests" */ = {
			isa = XCConfigurationList;
			buildConfigurations = (
				87DBECF82EA8BD3100A8E883 /* Debug */,
				87DBECF92EA8BD3100A8E883 /* Release */,
			);
			defaultConfigurationIsVisible = 0;
			defaultConfigurationName = Release;
		};
/* End XCConfigurationList section */
	};
	rootObject = 87DBECBE2EA8BD2F00A8E883 /* Project object */;
}
